
Microsoft Visual Studio Solution File, Format Version 12.00
# Visual Studio Version 16
VisualStudioVersion = 16.0.30406.217
MinimumVisualStudioVersion = 10.0.40219.1
Project("{FAE04EC0-301F-11D3-BF4B-00C04F79EFBC}") = "EmailManagementSystem2", "EmailManagementSystem2\EmailManagementSystem2.csproj", "{EC371E46-661B-4189-A8BD-C2B6B693CB40}"
EndProject
Global
	GlobalSection(SolutionConfigurationPlatforms) = preSolution
		Debug|Any CPU = Debug|Any CPU
		Release|Any CPU = Release|Any CPU
	EndGlobalSection
	GlobalSection(ProjectConfigurationPlatforms) = postSolution
		{EC371E46-661B-4189-A8BD-C2B6B693CB40}.Debug|Any CPU.ActiveCfg = Debug|Any CPU
		{EC371E46-661B-4189-A8BD-C2B6B693CB40}.Debug|Any CPU.Build.0 = Debug|Any CPU
		{EC371E46-661B-4189-A8BD-C2B6B693CB40}.Release|Any CPU.ActiveCfg = Release|Any CPU
		{EC371E46-661B-4189-A8BD-C2B6B693CB40}.Release|Any CPU.Build.0 = Release|Any CPU
	EndGlobalSection
	GlobalSection(SolutionProperties) = preSolution
		HideSolutionNode = FALSE
	EndGlobalSection
	GlobalSection(ExtensibilityGlobals) = postSolution
		SolutionGuid = {E5C23114-C4F4-4B79-84DC-3F9ACDA51A6E}
	EndGlobalSection
EndGlobal
